#MicroXplorer Configuration settings - do not modify
ADC1.Channel-1\#ChannelRegularConversion=ADC_CHANNEL_10
ADC1.IPParameters=Rank-1\#ChannelRegularConversion,master,Channel-1\#ChannelRegularConversion,SamplingTime-1\#ChannelRegularConversion,OffsetNumber-1\#ChannelRegularConversion,NbrOfConversionFlag,Resolution
ADC1.NbrOfConversionFlag=1
ADC1.OffsetNumber-1\#ChannelRegularConversion=ADC_OFFSET_NONE
ADC1.Rank-1\#ChannelRegularConversion=1
ADC1.Resolution=ADC_RESOLUTION_8B
ADC1.SamplingTime-1\#ChannelRegularConversion=ADC_SAMPLETIME_2CYCLES_5
ADC1.master=1
File.Version=6
KeepUserPlacement=false
Mcu.CPN=STM32L471RGT6
Mcu.Family=STM32L4
Mcu.IP0=ADC1
Mcu.IP1=I2C1
Mcu.IP2=NVIC
Mcu.IP3=RCC
Mcu.IP4=SYS
Mcu.IP5=UART4
Mcu.IP6=USART2
Mcu.IPNb=7
Mcu.Name=STM32L471R(E-G)Tx
Mcu.Package=LQFP64
Mcu.Pin0=PC13
Mcu.Pin1=PC0
Mcu.Pin10=PB11
Mcu.Pin11=PB12
Mcu.Pin12=PB13
Mcu.Pin13=PB14
Mcu.Pin14=PB15
Mcu.Pin15=PC6
Mcu.Pin16=PC7
Mcu.Pin17=PC8
Mcu.Pin18=PC9
Mcu.Pin19=PA13 (JTMS-SWDIO)
Mcu.Pin2=PC1
Mcu.Pin20=PA14 (JTCK-SWCLK)
Mcu.Pin21=PC10
Mcu.Pin22=PC11
Mcu.Pin23=PC12
Mcu.Pin24=PB6
Mcu.Pin25=PB7
Mcu.Pin26=PB9
Mcu.Pin27=VP_SYS_VS_tim6
Mcu.Pin3=PC2
Mcu.Pin4=PC3
Mcu.Pin5=PA0
Mcu.Pin6=PA1
Mcu.Pin7=PA2
Mcu.Pin8=PA3
Mcu.Pin9=PA5
Mcu.PinsNb=28
Mcu.ThirdPartyNb=0
Mcu.UserConstants=
Mcu.UserName=STM32L471RGTx
MxCube.Version=6.4.0
MxDb.Version=DB.6.0.40
NVIC.BusFault_IRQn=true\:0\:0\:false\:false\:true\:false\:false\:false
NVIC.DebugMonitor_IRQn=true\:0\:0\:false\:false\:true\:false\:false\:false
NVIC.ForceEnableDMAVector=true
NVIC.HardFault_IRQn=true\:0\:0\:false\:false\:true\:false\:false\:false
NVIC.MemoryManagement_IRQn=true\:0\:0\:false\:false\:true\:false\:false\:false
NVIC.NonMaskableInt_IRQn=true\:0\:0\:false\:false\:true\:false\:false\:false
NVIC.PendSV_IRQn=true\:0\:0\:false\:false\:true\:false\:false\:false
NVIC.PriorityGroup=NVIC_PRIORITYGROUP_4
NVIC.SVCall_IRQn=true\:0\:0\:false\:false\:true\:false\:false\:false
NVIC.SysTick_IRQn=true\:15\:0\:false\:false\:true\:false\:true\:false
NVIC.TIM6_DAC_IRQn=true\:15\:0\:false\:false\:true\:false\:true\:true
NVIC.TimeBase=TIM6_DAC_IRQn
NVIC.TimeBaseIP=TIM6
NVIC.UsageFault_IRQn=true\:0\:0\:false\:false\:true\:false\:false\:false
PA0.Mode=Asynchronous
PA0.Signal=UART4_TX
PA1.Mode=Asynchronous
PA1.Signal=UART4_RX
PA13\ (JTMS-SWDIO).Mode=Serial_Wire
PA13\ (JTMS-SWDIO).Signal=SYS_JTMS-SWDIO
PA14\ (JTCK-SWCLK).Mode=Serial_Wire
PA14\ (JTCK-SWCLK).Signal=SYS_JTCK-SWCLK
PA2.Mode=Asynchronous
PA2.Signal=USART2_TX
PA3.Mode=Asynchronous
PA3.Signal=USART2_RX
PA5.Signal=ADCx_IN10
PB11.GPIOParameters=GPIO_Label
PB11.GPIO_Label=UP
PB11.Locked=true
PB11.Signal=GPIO_Input
PB12.GPIOParameters=GPIO_Label
PB12.GPIO_Label=LEFT
PB12.Locked=true
PB12.Signal=GPIO_Input
PB13.GPIOParameters=GPIO_Label
PB13.GPIO_Label=DOWN
PB13.Locked=true
PB13.Signal=GPIO_Input
PB14.GPIOParameters=GPIO_Label
PB14.GPIO_Label=RIGHT
PB14.Locked=true
PB14.Signal=GPIO_Input
PB15.GPIOParameters=GPIO_Label
PB15.GPIO_Label=SELECT
PB15.Locked=true
PB15.Signal=GPIO_Input
PB6.GPIOParameters=GPIO_Label
PB6.GPIO_Label=TEMP_SCL
PB6.Mode=I2C
PB6.Signal=I2C1_SCL
PB7.GPIOParameters=GPIO_Label
PB7.GPIO_Label=TEMP_SDA
PB7.Mode=I2C
PB7.Signal=I2C1_SDA
PB9.GPIOParameters=GPIO_Label
PB9.GPIO_Label=CRUISE_SIGNAL
PB9.Locked=true
PB9.Signal=GPIO_Input
PC0.GPIOParameters=GPIO_Label
PC0.GPIO_Label=R_SIGNAL
PC0.Locked=true
PC0.Signal=GPIO_Input
PC1.GPIOParameters=GPIO_Label
PC1.GPIO_Label=L_SIGNAL
PC1.Locked=true
PC1.Signal=GPIO_Input
PC10.GPIOParameters=GPIO_Label
PC10.GPIO_Label=ACC5
PC10.Locked=true
PC10.Signal=GPIO_Input
PC11.GPIOParameters=GPIO_Label
PC11.GPIO_Label=ACC6
PC11.Locked=true
PC11.Signal=GPIO_Input
PC12.GPIOParameters=GPIO_Label
PC12.GPIO_Label=ACC7
PC12.Locked=true
PC12.Signal=GPIO_Input
PC13.GPIOParameters=GPIO_Label
PC13.GPIO_Label=ACC8
PC13.Locked=true
PC13.Signal=GPIO_Input
PC2.GPIOParameters=GPIO_Label
PC2.GPIO_Label=RAD_SIGNAL
PC2.Locked=true
PC2.Signal=GPIO_Input
PC3.GPIOParameters=GPIO_Label
PC3.GPIO_Label=HORN_SIGNAL
PC3.Locked=true
PC3.Signal=GPIO_Input
PC6.GPIOParameters=GPIO_Label
PC6.GPIO_Label=ACC1
PC6.Locked=true
PC6.Signal=GPIO_Input
PC7.GPIOParameters=GPIO_Label
PC7.GPIO_Label=ACC2
PC7.Locked=true
PC7.Signal=GPIO_Input
PC8.GPIOParameters=GPIO_Label
PC8.GPIO_Label=ACC3
PC8.Locked=true
PC8.Signal=GPIO_Input
PC9.GPIOParameters=GPIO_Label
PC9.GPIO_Label=ACC4
PC9.Locked=true
PC9.Signal=GPIO_Input
PinOutPanel.RotationAngle=0
ProjectManager.AskForMigrate=true
ProjectManager.BackupPrevious=false
ProjectManager.CompilerOptimize=6
ProjectManager.ComputerToolchain=false
ProjectManager.CoupleFile=false
ProjectManager.CustomerFirmwarePackage=
ProjectManager.DefaultFWLocation=true
ProjectManager.DeletePrevious=true
ProjectManager.DeviceId=STM32L471RGTx
ProjectManager.FirmwarePackage=STM32Cube FW_L4 V1.17.2
ProjectManager.FreePins=true
ProjectManager.HalAssertFull=false
ProjectManager.HeapSize=0x200
ProjectManager.KeepUserCode=true
ProjectManager.LastFirmware=true
ProjectManager.LibraryCopy=1
ProjectManager.MainLocation=Core/Src
ProjectManager.NoMain=false
ProjectManager.PreviousToolchain=
ProjectManager.ProjectBuild=false
ProjectManager.ProjectFileName=GEN11_SWB.ioc
ProjectManager.ProjectName=GEN11_SWB
ProjectManager.RegisterCallBack=
ProjectManager.StackSize=0x400
ProjectManager.TargetToolchain=STM32CubeIDE
ProjectManager.ToolChainLocation=
ProjectManager.UnderRoot=true
ProjectManager.functionlistsort=1-SystemClock_Config-RCC-false-HAL-false,2-MX_GPIO_Init-GPIO-false-HAL-true,3-MX_I2C1_Init-I2C1-false-HAL-true,4-MX_UART4_Init-UART4-false-HAL-true,5-MX_USART2_UART_Init-USART2-false-HAL-true,6-MX_ADC1_Init-ADC1-false-HAL-true
RCC.ADCFreq_Value=32000000
RCC.FamilyName=M
RCC.HSE_VALUE=8000000
RCC.HSI_VALUE=16000000
RCC.IPParameters=ADCFreq_Value,FamilyName,HSE_VALUE,HSI_VALUE,LSCOPinFreq_Value,LSE_VALUE,LSI_VALUE,MSI_VALUE,PLLPoutputFreq_Value,PLLQoutputFreq_Value,PLLRCLKFreq_Value,PLLSAI1N,PLLSAI1PoutputFreq_Value,PLLSAI1QoutputFreq_Value,PLLSAI1RoutputFreq_Value,PLLSAI2PoutputFreq_Value,PLLSAI2RoutputFreq_Value,RNGFreq_Value,SAI1Freq_Value,SAI2Freq_Value,SDMMCFreq_Value,VCOInputFreq_Value,VCOOutputFreq_Value,VCOSAI1OutputFreq_Value,VCOSAI2OutputFreq_Value
RCC.LSCOPinFreq_Value=32000
RCC.LSE_VALUE=32768
RCC.LSI_VALUE=32000
RCC.MSI_VALUE=4000000
RCC.PLLPoutputFreq_Value=4571428.571428572
RCC.PLLQoutputFreq_Value=16000000
RCC.PLLRCLKFreq_Value=16000000
RCC.PLLSAI1N=16
RCC.PLLSAI1PoutputFreq_Value=9142857.142857144
RCC.PLLSAI1QoutputFreq_Value=32000000
RCC.PLLSAI1RoutputFreq_Value=32000000
RCC.PLLSAI2PoutputFreq_Value=4571428.571428572
RCC.PLLSAI2RoutputFreq_Value=16000000
RCC.RNGFreq_Value=32000000
RCC.SAI1Freq_Value=9142857.142857144
RCC.SAI2Freq_Value=9142857.142857144
RCC.SDMMCFreq_Value=32000000
RCC.VCOInputFreq_Value=4000000
RCC.VCOOutputFreq_Value=32000000
RCC.VCOSAI1OutputFreq_Value=64000000
RCC.VCOSAI2OutputFreq_Value=32000000
SH.ADCx_IN10.0=ADC1_IN10,IN10-Single-Ended
SH.ADCx_IN10.ConfNb=1
USART2.IPParameters=VirtualMode-Asynchronous
USART2.VirtualMode-Asynchronous=VM_ASYNC
VP_SYS_VS_tim6.Mode=TIM6
VP_SYS_VS_tim6.Signal=SYS_VS_tim6
board=custom
isbadioc=false
