#MicroXplorer Configuration settings - do not modify
FREERTOS.IPParameters=Tasks01,configUSE_NEWLIB_REENTRANT
FREERTOS.Tasks01=defaultTask,0,128,StartDefaultTask,Default,NULL,Dynamic,NULL,NULL
FREERTOS.configUSE_NEWLIB_REENTRANT=1
File.Version=6
KeepUserPlacement=false
Mcu.CPN=STM32L471RGT6
Mcu.Family=STM32L4
Mcu.IP0=CRC
Mcu.IP1=FREERTOS
Mcu.IP2=NVIC
Mcu.IP3=RCC
Mcu.IP4=SPI2
Mcu.IP5=SYS
Mcu.IP6=TIM7
Mcu.IP7=USART1
Mcu.IP8=USART3
Mcu.IPNb=9
Mcu.Name=STM32L471R(E-G)Tx
Mcu.Package=LQFP64
Mcu.Pin0=PC13
Mcu.Pin1=PH0-OSC_IN (PH0)
Mcu.Pin10=PB10
Mcu.Pin11=PB11
Mcu.Pin12=PB14
Mcu.Pin13=PB15
Mcu.Pin14=PC9
Mcu.Pin15=PA9
Mcu.Pin16=PA10
Mcu.Pin17=PA13 (JTMS-SWDIO)
Mcu.Pin18=PA14 (JTCK-SWCLK)
Mcu.Pin19=PA15 (JTDI)
Mcu.Pin2=PH1-OSC_OUT (PH1)
Mcu.Pin20=PB3 (JTDO-TRACESWO)
Mcu.Pin21=PB4 (NJTRST)
Mcu.Pin22=VP_CRC_VS_CRC
Mcu.Pin23=VP_FREERTOS_VS_CMSIS_V1
Mcu.Pin24=VP_SYS_VS_tim6
Mcu.Pin25=VP_TIM7_VS_ClockSourceINT
Mcu.Pin3=PA0
Mcu.Pin4=PA1
Mcu.Pin5=PA2
Mcu.Pin6=PC4
Mcu.Pin7=PC5
Mcu.Pin8=PB0
Mcu.Pin9=PB1
Mcu.PinsNb=26
Mcu.ThirdPartyNb=0
Mcu.UserConstants=
Mcu.UserName=STM32L471RGTx
MxCube.Version=6.5.0
MxDb.Version=DB.6.0.50
NVIC.BusFault_IRQn=true\:0\:0\:false\:false\:true\:false\:false\:false\:true
NVIC.DebugMonitor_IRQn=true\:0\:0\:false\:false\:true\:false\:false\:false\:true
NVIC.ForceEnableDMAVector=true
NVIC.HardFault_IRQn=true\:0\:0\:false\:false\:true\:false\:false\:false\:true
NVIC.MemoryManagement_IRQn=true\:0\:0\:false\:false\:true\:false\:false\:false\:true
NVIC.NonMaskableInt_IRQn=true\:0\:0\:false\:false\:true\:false\:false\:false\:true
NVIC.PendSV_IRQn=true\:15\:0\:false\:false\:false\:true\:false\:false\:true
NVIC.PriorityGroup=NVIC_PRIORITYGROUP_4
NVIC.SVCall_IRQn=true\:0\:0\:false\:false\:false\:false\:false\:false\:true
NVIC.SavedPendsvIrqHandlerGenerated=true
NVIC.SavedSvcallIrqHandlerGenerated=true
NVIC.SavedSystickIrqHandlerGenerated=true
NVIC.SysTick_IRQn=true\:15\:0\:false\:false\:false\:true\:false\:true\:true
NVIC.TIM6_DAC_IRQn=true\:15\:0\:false\:false\:true\:false\:false\:true\:true
NVIC.TIM7_IRQn=true\:5\:0\:false\:false\:true\:true\:true\:true\:true
NVIC.TimeBase=TIM6_DAC_IRQn
NVIC.TimeBaseIP=TIM6
NVIC.UsageFault_IRQn=true\:0\:0\:false\:false\:true\:false\:false\:false\:true
PA0.GPIOParameters=GPIO_Label
PA0.GPIO_Label=BMS_WKUP
PA0.Locked=true
PA0.Signal=GPXTI0
PA1.GPIOParameters=GPIO_Label
PA1.GPIO_Label=BBMB_INT
PA1.Locked=true
PA1.Signal=GPIO_Output
PA10.Locked=true
PA10.Mode=Asynchronous
PA10.Signal=USART1_RX
PA13\ (JTMS-SWDIO).Mode=JTAG_5_pins
PA13\ (JTMS-SWDIO).Signal=SYS_JTMS-SWDIO
PA14\ (JTCK-SWCLK).Mode=JTAG_5_pins
PA14\ (JTCK-SWCLK).Signal=SYS_JTCK-SWCLK
PA15\ (JTDI).Mode=JTAG_5_pins
PA15\ (JTDI).Signal=SYS_JTDI
PA2.GPIOParameters=GPIO_Label
PA2.GPIO_Label=PSENSE_ALERT
PA2.Locked=true
PA2.Signal=GPIO_Input
PA9.Locked=true
PA9.Mode=Asynchronous
PA9.Signal=USART1_TX
PB0.GPIOParameters=GPIO_Label
PB0.GPIO_Label=EN_PWR
PB0.Locked=true
PB0.Signal=GPIO_Output
PB1.GPIOParameters=GPIO_Label
PB1.GPIO_Label=EN_BLN_PWR
PB1.Locked=true
PB1.Signal=GPIO_Output
PB10.Mode=Full_Duplex_Master
PB10.Signal=SPI2_SCK
PB11.GPIOParameters=GPIO_Label
PB11.GPIO_Label=LED1
PB11.Locked=true
PB11.Signal=GPIO_Output
PB14.Locked=true
PB14.Mode=Full_Duplex_Master
PB14.Signal=SPI2_MISO
PB15.Locked=true
PB15.Mode=Full_Duplex_Master
PB15.Signal=SPI2_MOSI
PB3\ (JTDO-TRACESWO).Locked=true
PB3\ (JTDO-TRACESWO).Mode=JTAG_5_pins
PB3\ (JTDO-TRACESWO).Signal=SYS_JTDO-SWO
PB4\ (NJTRST).Locked=true
PB4\ (NJTRST).Mode=JTAG_5_pins
PB4\ (NJTRST).Signal=SYS_JTRST
PC13.GPIOParameters=GPIO_Label
PC13.GPIO_Label=AFE_WDT
PC13.Locked=true
PC13.Signal=GPIO_Output
PC4.Locked=true
PC4.Mode=Asynchronous
PC4.Signal=USART3_TX
PC5.Locked=true
PC5.Mode=Asynchronous
PC5.Signal=USART3_RX
PC9.GPIOParameters=GPIO_Label
PC9.GPIO_Label=LTC6810_CS
PC9.Locked=true
PC9.Signal=GPIO_Output
PH0-OSC_IN\ (PH0).Mode=HSE-External-Oscillator
PH0-OSC_IN\ (PH0).Signal=RCC_OSC_IN
PH1-OSC_OUT\ (PH1).Locked=true
PH1-OSC_OUT\ (PH1).Mode=HSE-External-Oscillator
PH1-OSC_OUT\ (PH1).Signal=RCC_OSC_OUT
PinOutPanel.RotationAngle=0
ProjectManager.AskForMigrate=true
ProjectManager.BackupPrevious=false
ProjectManager.CompilerOptimize=6
ProjectManager.ComputerToolchain=false
ProjectManager.CoupleFile=false
ProjectManager.CustomerFirmwarePackage=
ProjectManager.DefaultFWLocation=true
ProjectManager.DeletePrevious=true
ProjectManager.DeviceId=STM32L471RGTx
ProjectManager.FirmwarePackage=STM32Cube FW_L4 V1.17.2
ProjectManager.FreePins=false
ProjectManager.HalAssertFull=false
ProjectManager.HeapSize=0x200
ProjectManager.KeepUserCode=true
ProjectManager.LastFirmware=true
ProjectManager.LibraryCopy=1
ProjectManager.MainLocation=Core/Src
ProjectManager.NoMain=false
ProjectManager.PreviousToolchain=
ProjectManager.ProjectBuild=false
ProjectManager.ProjectFileName=GEN11_BMS.ioc
ProjectManager.ProjectName=GEN11_BMS
ProjectManager.RegisterCallBack=
ProjectManager.StackSize=0x400
ProjectManager.TargetToolchain=STM32CubeIDE
ProjectManager.ToolChainLocation=
ProjectManager.UnderRoot=true
ProjectManager.functionlistsort=1-SystemClock_Config-RCC-false-HAL-false,2-MX_GPIO_Init-GPIO-false-HAL-true,3-MX_SPI2_Init-SPI2-false-HAL-true,4-MX_USART1_UART_Init-USART1-false-HAL-true,5-MX_USART3_UART_Init-USART3-false-HAL-true,6-MX_CRC_Init-CRC-false-HAL-true
RCC.ADCFreq_Value=64000000
RCC.AHBFreq_Value=64000000
RCC.APB1Freq_Value=64000000
RCC.APB1TimFreq_Value=64000000
RCC.APB2Freq_Value=64000000
RCC.APB2TimFreq_Value=64000000
RCC.CortexFreq_Value=64000000
RCC.DFSDMFreq_Value=64000000
RCC.FCLKCortexFreq_Value=64000000
RCC.FamilyName=M
RCC.HCLKFreq_Value=64000000
RCC.HSE_VALUE=8000000
RCC.HSI_VALUE=16000000
RCC.I2C1Freq_Value=64000000
RCC.I2C2Freq_Value=64000000
RCC.I2C3Freq_Value=64000000
RCC.IPParameters=ADCFreq_Value,AHBFreq_Value,APB1Freq_Value,APB1TimFreq_Value,APB2Freq_Value,APB2TimFreq_Value,CortexFreq_Value,DFSDMFreq_Value,FCLKCortexFreq_Value,FamilyName,HCLKFreq_Value,HSE_VALUE,HSI_VALUE,I2C1Freq_Value,I2C2Freq_Value,I2C3Freq_Value,LPTIM1Freq_Value,LPTIM2Freq_Value,LPUART1Freq_Value,LSCOPinFreq_Value,LSE_VALUE,LSI_VALUE,MCO1PinFreq_Value,MSI_VALUE,PLLPoutputFreq_Value,PLLQoutputFreq_Value,PLLRCLKFreq_Value,PLLSAI1PoutputFreq_Value,PLLSAI1QoutputFreq_Value,PLLSAI1RoutputFreq_Value,PLLSAI2PoutputFreq_Value,PLLSAI2RoutputFreq_Value,PLLSourceVirtual,PWRFreq_Value,RNGFreq_Value,SAI1Freq_Value,SAI2Freq_Value,SDMMCFreq_Value,SWPMI1Freq_Value,SYSCLKFreq_VALUE,SYSCLKSource,UART4Freq_Value,UART5Freq_Value,USART1Freq_Value,USART2Freq_Value,USART3Freq_Value,VCOInputFreq_Value,VCOOutputFreq_Value,VCOSAI1OutputFreq_Value,VCOSAI2OutputFreq_Value
RCC.LPTIM1Freq_Value=64000000
RCC.LPTIM2Freq_Value=64000000
RCC.LPUART1Freq_Value=64000000
RCC.LSCOPinFreq_Value=32000
RCC.LSE_VALUE=32768
RCC.LSI_VALUE=32000
RCC.MCO1PinFreq_Value=64000000
RCC.MSI_VALUE=4000000
RCC.PLLPoutputFreq_Value=18285714.285714287
RCC.PLLQoutputFreq_Value=64000000
RCC.PLLRCLKFreq_Value=64000000
RCC.PLLSAI1PoutputFreq_Value=18285714.285714287
RCC.PLLSAI1QoutputFreq_Value=64000000
RCC.PLLSAI1RoutputFreq_Value=64000000
RCC.PLLSAI2PoutputFreq_Value=18285714.285714287
RCC.PLLSAI2RoutputFreq_Value=64000000
RCC.PLLSourceVirtual=RCC_PLLSOURCE_HSI
RCC.PWRFreq_Value=64000000
RCC.RNGFreq_Value=64000000
RCC.SAI1Freq_Value=18285714.285714287
RCC.SAI2Freq_Value=18285714.285714287
RCC.SDMMCFreq_Value=64000000
RCC.SWPMI1Freq_Value=64000000
RCC.SYSCLKFreq_VALUE=64000000
RCC.SYSCLKSource=RCC_SYSCLKSOURCE_PLLCLK
RCC.UART4Freq_Value=64000000
RCC.UART5Freq_Value=64000000
RCC.USART1Freq_Value=64000000
RCC.USART2Freq_Value=64000000
RCC.USART3Freq_Value=64000000
RCC.VCOInputFreq_Value=16000000
RCC.VCOOutputFreq_Value=128000000
RCC.VCOSAI1OutputFreq_Value=128000000
RCC.VCOSAI2OutputFreq_Value=128000000
SH.GPXTI0.0=GPIO_EXTI0
SH.GPXTI0.ConfNb=1
SPI2.BaudRatePrescaler=SPI_BAUDRATEPRESCALER_2
SPI2.CalculateBaudRate=32.0 MBits/s
SPI2.DataSize=SPI_DATASIZE_8BIT
SPI2.Direction=SPI_DIRECTION_2LINES
SPI2.IPParameters=VirtualType,Mode,Direction,CalculateBaudRate,DataSize,BaudRatePrescaler
SPI2.Mode=SPI_MODE_MASTER
SPI2.VirtualType=VM_MASTER
TIM7.IPParameters=Prescaler,Period
TIM7.Period=999
TIM7.Prescaler=63999
USART1.BaudRate=500000
USART1.IPParameters=VirtualMode-Asynchronous,BaudRate
USART1.VirtualMode-Asynchronous=VM_ASYNC
USART3.IPParameters=VirtualMode-Asynchronous
USART3.VirtualMode-Asynchronous=VM_ASYNC
VP_CRC_VS_CRC.Mode=CRC_Activate
VP_CRC_VS_CRC.Signal=CRC_VS_CRC
VP_FREERTOS_VS_CMSIS_V1.Mode=CMSIS_V1
VP_FREERTOS_VS_CMSIS_V1.Signal=FREERTOS_VS_CMSIS_V1
VP_SYS_VS_tim6.Mode=TIM6
VP_SYS_VS_tim6.Signal=SYS_VS_tim6
VP_TIM7_VS_ClockSourceINT.Mode=Enable_Timer
VP_TIM7_VS_ClockSourceINT.Signal=TIM7_VS_ClockSourceINT
board=custom
isbadioc=false
