#MicroXplorer Configuration settings - do not modify
ADC1.Channel-7\#ChannelRegularConversion=ADC_CHANNEL_14
ADC1.IPParameters=Rank-7\#ChannelRegularConversion,master,Channel-7\#ChannelRegularConversion,SamplingTime-7\#ChannelRegularConversion,NbrOfConversionFlag
ADC1.NbrOfConversionFlag=1
ADC1.Rank-7\#ChannelRegularConversion=1
ADC1.SamplingTime-7\#ChannelRegularConversion=ADC_SAMPLETIME_3CYCLES
ADC1.master=1
CAD.formats=
CAD.pinconfig=
CAD.provider=
Dma.Request0=UART4_TX
Dma.Request1=UART4_RX
Dma.Request2=USART2_RX
Dma.Request3=USART2_TX
Dma.Request4=UART5_RX
Dma.Request5=UART5_TX
Dma.RequestsNb=6
Dma.UART4_RX.1.Direction=DMA_PERIPH_TO_MEMORY
Dma.UART4_RX.1.FIFOMode=DMA_FIFOMODE_DISABLE
Dma.UART4_RX.1.Instance=DMA1_Stream2
Dma.UART4_RX.1.MemDataAlignment=DMA_MDATAALIGN_BYTE
Dma.UART4_RX.1.MemInc=DMA_MINC_ENABLE
Dma.UART4_RX.1.Mode=DMA_CIRCULAR
Dma.UART4_RX.1.PeriphDataAlignment=DMA_PDATAALIGN_BYTE
Dma.UART4_RX.1.PeriphInc=DMA_PINC_DISABLE
Dma.UART4_RX.1.Priority=DMA_PRIORITY_HIGH
Dma.UART4_RX.1.RequestParameters=Instance,Direction,PeriphInc,MemInc,PeriphDataAlignment,MemDataAlignment,Mode,Priority,FIFOMode
Dma.UART4_TX.0.Direction=DMA_MEMORY_TO_PERIPH
Dma.UART4_TX.0.FIFOMode=DMA_FIFOMODE_DISABLE
Dma.UART4_TX.0.Instance=DMA1_Stream4
Dma.UART4_TX.0.MemDataAlignment=DMA_MDATAALIGN_BYTE
Dma.UART4_TX.0.MemInc=DMA_MINC_ENABLE
Dma.UART4_TX.0.Mode=DMA_NORMAL
Dma.UART4_TX.0.PeriphDataAlignment=DMA_PDATAALIGN_BYTE
Dma.UART4_TX.0.PeriphInc=DMA_PINC_DISABLE
Dma.UART4_TX.0.Priority=DMA_PRIORITY_HIGH
Dma.UART4_TX.0.RequestParameters=Instance,Direction,PeriphInc,MemInc,PeriphDataAlignment,MemDataAlignment,Mode,Priority,FIFOMode
Dma.UART5_RX.4.Direction=DMA_PERIPH_TO_MEMORY
Dma.UART5_RX.4.FIFOMode=DMA_FIFOMODE_DISABLE
Dma.UART5_RX.4.Instance=DMA1_Stream0
Dma.UART5_RX.4.MemDataAlignment=DMA_MDATAALIGN_BYTE
Dma.UART5_RX.4.MemInc=DMA_MINC_ENABLE
Dma.UART5_RX.4.Mode=DMA_NORMAL
Dma.UART5_RX.4.PeriphDataAlignment=DMA_PDATAALIGN_BYTE
Dma.UART5_RX.4.PeriphInc=DMA_PINC_DISABLE
Dma.UART5_RX.4.Priority=DMA_PRIORITY_MEDIUM
Dma.UART5_RX.4.RequestParameters=Instance,Direction,PeriphInc,MemInc,PeriphDataAlignment,MemDataAlignment,Mode,Priority,FIFOMode
Dma.UART5_TX.5.Direction=DMA_MEMORY_TO_PERIPH
Dma.UART5_TX.5.FIFOMode=DMA_FIFOMODE_DISABLE
Dma.UART5_TX.5.Instance=DMA1_Stream7
Dma.UART5_TX.5.MemDataAlignment=DMA_MDATAALIGN_BYTE
Dma.UART5_TX.5.MemInc=DMA_MINC_ENABLE
Dma.UART5_TX.5.Mode=DMA_NORMAL
Dma.UART5_TX.5.PeriphDataAlignment=DMA_PDATAALIGN_BYTE
Dma.UART5_TX.5.PeriphInc=DMA_PINC_DISABLE
Dma.UART5_TX.5.Priority=DMA_PRIORITY_MEDIUM
Dma.UART5_TX.5.RequestParameters=Instance,Direction,PeriphInc,MemInc,PeriphDataAlignment,MemDataAlignment,Mode,Priority,FIFOMode
Dma.USART2_RX.2.Direction=DMA_PERIPH_TO_MEMORY
Dma.USART2_RX.2.FIFOMode=DMA_FIFOMODE_DISABLE
Dma.USART2_RX.2.Instance=DMA1_Stream5
Dma.USART2_RX.2.MemDataAlignment=DMA_MDATAALIGN_BYTE
Dma.USART2_RX.2.MemInc=DMA_MINC_ENABLE
Dma.USART2_RX.2.Mode=DMA_CIRCULAR
Dma.USART2_RX.2.PeriphDataAlignment=DMA_PDATAALIGN_BYTE
Dma.USART2_RX.2.PeriphInc=DMA_PINC_DISABLE
Dma.USART2_RX.2.Priority=DMA_PRIORITY_HIGH
Dma.USART2_RX.2.RequestParameters=Instance,Direction,PeriphInc,MemInc,PeriphDataAlignment,MemDataAlignment,Mode,Priority,FIFOMode
Dma.USART2_TX.3.Direction=DMA_MEMORY_TO_PERIPH
Dma.USART2_TX.3.FIFOMode=DMA_FIFOMODE_DISABLE
Dma.USART2_TX.3.Instance=DMA1_Stream6
Dma.USART2_TX.3.MemDataAlignment=DMA_MDATAALIGN_BYTE
Dma.USART2_TX.3.MemInc=DMA_MINC_ENABLE
Dma.USART2_TX.3.Mode=DMA_NORMAL
Dma.USART2_TX.3.PeriphDataAlignment=DMA_PDATAALIGN_BYTE
Dma.USART2_TX.3.PeriphInc=DMA_PINC_DISABLE
Dma.USART2_TX.3.Priority=DMA_PRIORITY_HIGH
Dma.USART2_TX.3.RequestParameters=Instance,Direction,PeriphInc,MemInc,PeriphDataAlignment,MemDataAlignment,Mode,Priority,FIFOMode
FREERTOS.FootprintOK=true
FREERTOS.HEAP_NUMBER=4
FREERTOS.IPParameters=Tasks01,configMINIMAL_STACK_SIZE,configENABLE_BACKWARD_COMPATIBILITY,MEMORY_ALLOCATION,FootprintOK,configTOTAL_HEAP_SIZE,configUSE_TIMERS,configTIMER_TASK_PRIORITY,configTIMER_QUEUE_LENGTH,configUSE_NEWLIB_REENTRANT,HEAP_NUMBER
FREERTOS.MEMORY_ALLOCATION=0
FREERTOS.Tasks01=defaultTask,0,256,StartDefaultTask,Default,NULL,Dynamic,NULL,NULL
FREERTOS.configENABLE_BACKWARD_COMPATIBILITY=0
FREERTOS.configMINIMAL_STACK_SIZE=256
FREERTOS.configTIMER_QUEUE_LENGTH=16
FREERTOS.configTIMER_TASK_PRIORITY=5
FREERTOS.configTOTAL_HEAP_SIZE=120000
FREERTOS.configUSE_NEWLIB_REENTRANT=1
FREERTOS.configUSE_TIMERS=1
File.Version=6
GPIO.groupedBy=Group By Peripherals
KeepUserPlacement=false
Mcu.CPN=STM32F446ZCT6
Mcu.Family=STM32F4
Mcu.IP0=ADC1
Mcu.IP1=CRC
Mcu.IP10=TIM2
Mcu.IP11=TIM3
Mcu.IP12=TIM4
Mcu.IP13=TIM7
Mcu.IP14=TIM12
Mcu.IP15=UART4
Mcu.IP16=UART5
Mcu.IP17=USART2
Mcu.IP2=DMA
Mcu.IP3=FREERTOS
Mcu.IP4=NVIC
Mcu.IP5=RCC
Mcu.IP6=SPI2
Mcu.IP7=SPI3
Mcu.IP8=SYS
Mcu.IP9=TIM1
Mcu.IPNb=18
Mcu.Name=STM32F446Z(C-E)Tx
Mcu.Package=LQFP144
Mcu.Pin0=PE3
Mcu.Pin1=PF2
Mcu.Pin10=PF12
Mcu.Pin11=PF13
Mcu.Pin12=PG0
Mcu.Pin13=PE7
Mcu.Pin14=PE8
Mcu.Pin15=PE10
Mcu.Pin16=PE14
Mcu.Pin17=PE15
Mcu.Pin18=PB10
Mcu.Pin19=PB11
Mcu.Pin2=PC1
Mcu.Pin20=PB12
Mcu.Pin21=PD10
Mcu.Pin22=PD11
Mcu.Pin23=PD12
Mcu.Pin24=PD13
Mcu.Pin25=PD14
Mcu.Pin26=PD15
Mcu.Pin27=PG2
Mcu.Pin28=PG5
Mcu.Pin29=PC6
Mcu.Pin3=PC2
Mcu.Pin30=PC7
Mcu.Pin31=PC8
Mcu.Pin32=PC9
Mcu.Pin33=PA8
Mcu.Pin34=PC10
Mcu.Pin35=PC12
Mcu.Pin36=PD4
Mcu.Pin37=PD5
Mcu.Pin38=PD6
Mcu.Pin39=PG9
Mcu.Pin4=PA0-WKUP
Mcu.Pin40=PG10
Mcu.Pin41=PB8
Mcu.Pin42=VP_CRC_VS_CRC
Mcu.Pin43=VP_FREERTOS_VS_CMSIS_V1
Mcu.Pin44=VP_SYS_VS_tim6
Mcu.Pin45=VP_TIM1_VS_ClockSourceINT
Mcu.Pin46=VP_TIM2_VS_ClockSourceINT
Mcu.Pin47=VP_TIM7_VS_ClockSourceINT
Mcu.Pin48=VP_TIM12_VS_ClockSourceINT
Mcu.Pin5=PA1
Mcu.Pin6=PA2
Mcu.Pin7=PA3
Mcu.Pin8=PC4
Mcu.Pin9=PB0
Mcu.PinsNb=49
Mcu.ThirdPartyNb=0
Mcu.UserConstants=
Mcu.UserName=STM32F446ZCTx
MxCube.Version=6.6.1
MxDb.Version=DB.6.0.60
NVIC.BusFault_IRQn=true\:0\:0\:false\:false\:true\:false\:false\:false\:false
NVIC.DMA1_Stream0_IRQn=true\:5\:0\:false\:false\:true\:true\:false\:true\:true
NVIC.DMA1_Stream2_IRQn=true\:5\:0\:false\:false\:true\:true\:false\:true\:true
NVIC.DMA1_Stream4_IRQn=true\:5\:0\:false\:false\:true\:true\:false\:true\:true
NVIC.DMA1_Stream5_IRQn=true\:5\:0\:false\:false\:true\:true\:false\:true\:true
NVIC.DMA1_Stream6_IRQn=true\:5\:0\:false\:false\:true\:true\:false\:true\:true
NVIC.DMA1_Stream7_IRQn=true\:5\:0\:false\:false\:true\:true\:false\:true\:true
NVIC.DebugMonitor_IRQn=true\:0\:0\:false\:false\:true\:false\:false\:false\:false
NVIC.EXTI0_IRQn=true\:5\:0\:false\:false\:true\:true\:true\:true\:true
NVIC.EXTI15_10_IRQn=true\:5\:0\:false\:false\:true\:true\:true\:true\:true
NVIC.ForceEnableDMAVector=true
NVIC.HardFault_IRQn=true\:0\:0\:false\:false\:true\:false\:false\:false\:false
NVIC.MemoryManagement_IRQn=true\:0\:0\:false\:false\:true\:false\:false\:false\:false
NVIC.NonMaskableInt_IRQn=true\:0\:0\:false\:false\:true\:false\:false\:false\:false
NVIC.PendSV_IRQn=true\:15\:0\:false\:false\:false\:true\:false\:false\:false
NVIC.PriorityGroup=NVIC_PRIORITYGROUP_4
NVIC.SPI3_IRQn=true\:5\:0\:false\:false\:true\:true\:true\:true\:true
NVIC.SVCall_IRQn=true\:0\:0\:false\:false\:false\:false\:false\:false\:false
NVIC.SavedPendsvIrqHandlerGenerated=true
NVIC.SavedSvcallIrqHandlerGenerated=true
NVIC.SavedSystickIrqHandlerGenerated=true
NVIC.SysTick_IRQn=true\:15\:0\:false\:false\:false\:true\:false\:true\:false
NVIC.TIM2_IRQn=true\:5\:0\:false\:false\:true\:true\:true\:true\:true
NVIC.TIM4_IRQn=true\:5\:0\:false\:false\:true\:true\:true\:true\:true
NVIC.TIM6_DAC_IRQn=true\:15\:0\:false\:false\:true\:false\:false\:true\:true
NVIC.TIM7_IRQn=true\:5\:0\:false\:false\:true\:true\:true\:true\:true
NVIC.TimeBase=TIM6_DAC_IRQn
NVIC.TimeBaseIP=TIM6
NVIC.UART4_IRQn=true\:5\:0\:false\:false\:true\:true\:true\:true\:true
NVIC.UART5_IRQn=true\:5\:0\:false\:false\:true\:true\:true\:true\:true
NVIC.USART2_IRQn=true\:5\:0\:false\:false\:true\:true\:true\:true\:true
NVIC.UsageFault_IRQn=true\:0\:0\:false\:false\:true\:false\:false\:false\:false
PA0-WKUP.Locked=true
PA0-WKUP.Mode=Asynchronous
PA0-WKUP.Signal=UART4_TX
PA1.Locked=true
PA1.Mode=Asynchronous
PA1.Signal=UART4_RX
PA2.Locked=true
PA2.Mode=Asynchronous
PA2.Signal=USART2_TX
PA3.Mode=Asynchronous
PA3.Signal=USART2_RX
PA8.Mode=Clock-out-1
PA8.Signal=RCC_MCO_1
PB0.Locked=true
PB0.Mode=TX_Only_Simplex_Unidirect_Master
PB0.Signal=SPI3_MOSI
PB10.Mode=Full_Duplex_Master
PB10.Signal=SPI2_SCK
PB11.GPIOParameters=GPIO_Label
PB11.GPIO_Label=LED1
PB11.Locked=true
PB11.Signal=GPIO_Output
PB12.GPIOParameters=GPIO_Label
PB12.GPIO_Label=PSM_CS_0
PB12.Locked=true
PB12.Signal=GPIO_Output
PB8.Locked=true
PB8.Signal=S_TIM2_CH1_ETR
PC1.Locked=true
PC1.Mode=Full_Duplex_Master
PC1.Signal=SPI2_MOSI
PC10.Locked=true
PC10.Mode=TX_Only_Simplex_Unidirect_Master
PC10.Signal=SPI3_SCK
PC12.GPIOParameters=GPIO_Label
PC12.GPIO_Label=MotorCSRegen
PC12.Locked=true
PC12.Signal=GPIO_Output
PC2.Mode=Full_Duplex_Master
PC2.Signal=SPI2_MISO
PC4.Locked=true
PC4.Signal=ADCx_IN14
PC6.Locked=true
PC6.Signal=S_TIM3_CH1
PC7.Locked=true
PC7.Signal=S_TIM3_CH2
PC8.GPIOParameters=GPIO_Label
PC8.GPIO_Label=BBMB_PSM_CS_0
PC8.Locked=true
PC8.Signal=GPIO_Output
PC9.GPIOParameters=GPIO_Label
PC9.GPIO_Label=MotorCSAccel
PC9.Locked=true
PC9.Signal=GPIO_Output
PD10.GPIOParameters=GPIO_Label
PD10.GPIO_Label=MotorVfmReset
PD10.Locked=true
PD10.Signal=GPIO_Output
PD11.GPIOParameters=GPIO_Label
PD11.GPIO_Label=MotorVfmDown
PD11.Locked=true
PD11.Signal=GPIO_Output
PD12.Locked=true
PD12.Signal=S_TIM4_CH1
PD13.Locked=true
PD13.Signal=S_TIM4_CH2
PD14.GPIOParameters=GPIO_Label
PD14.GPIO_Label=MotorVfmUp
PD14.Locked=true
PD14.Signal=GPIO_Output
PD15.GPIOParameters=GPIO_Label
PD15.GPIO_Label=MotorEco
PD15.Locked=true
PD15.Signal=GPIO_Output
PD4.GPIOParameters=GPIO_Label
PD4.GPIO_Label=PSM_LVDS_EN
PD4.Locked=true
PD4.Signal=GPIO_Output
PD5.GPIOParameters=GPIO_Label
PD5.GPIO_Label=PSM_CS_1
PD5.Locked=true
PD5.Signal=GPIO_Output
PD6.GPIOParameters=GPIO_Label
PD6.GPIO_Label=PSM_CS_2
PD6.Locked=true
PD6.Signal=GPIO_Output
PE10.GPIOParameters=GPIO_Label
PE10.GPIO_Label=GPIO_IN10
PE10.Locked=true
PE10.Signal=GPXTI10
PE14.GPIOParameters=GPIO_Label
PE14.GPIO_Label=LED2
PE14.Locked=true
PE14.Signal=GPIO_Output
PE15.GPIOParameters=GPIO_Label
PE15.GPIO_Label=LED0
PE15.Locked=true
PE15.Signal=GPIO_Output
PE3.GPIOParameters=GPIO_Label
PE3.GPIO_Label=MotorMT0
PE3.Locked=true
PE3.Signal=GPIO_Output
PE7.Mode=Asynchronous
PE7.Signal=UART5_RX
PE8.Mode=Asynchronous
PE8.Signal=UART5_TX
PF12.GPIOParameters=GPIO_Label
PF12.GPIO_Label=MotorMT2
PF12.Locked=true
PF12.Signal=GPIO_Output
PF13.GPIOParameters=GPIO_Label
PF13.GPIO_Label=MotorMT3
PF13.Locked=true
PF13.Signal=GPIO_Output
PF2.GPIOParameters=GPIO_Label
PF2.GPIO_Label=MotorMT1
PF2.Locked=true
PF2.Signal=GPIO_Output
PG0.GPIOParameters=GPIO_Label
PG0.GPIO_Label=GPIO_IN0
PG0.Locked=true
PG0.Signal=GPXTI0
PG10.GPIOParameters=GPIO_Label
PG10.GPIO_Label=PSM_DReady
PG10.Locked=true
PG10.Signal=GPIO_Output
PG2.GPIOParameters=GPIO_Label
PG2.GPIO_Label=MotorFwdRev
PG2.Locked=true
PG2.Signal=GPIO_Output
PG5.GPIOParameters=GPIO_Label
PG5.GPIO_Label=MotorMain
PG5.Locked=true
PG5.Signal=GPIO_Output
PG9.GPIOParameters=GPIO_Label
PG9.GPIO_Label=PSM_CS_3
PG9.Locked=true
PG9.Signal=GPIO_Output
PinOutPanel.RotationAngle=0
ProjectManager.AskForMigrate=true
ProjectManager.BackupPrevious=false
ProjectManager.CompilerOptimize=6
ProjectManager.ComputerToolchain=false
ProjectManager.CoupleFile=false
ProjectManager.CustomerFirmwarePackage=
ProjectManager.DefaultFWLocation=true
ProjectManager.DeletePrevious=true
ProjectManager.DeviceId=STM32F446ZCTx
ProjectManager.FirmwarePackage=STM32Cube FW_F4 V1.27.1
ProjectManager.FreePins=false
ProjectManager.HalAssertFull=false
ProjectManager.HeapSize=0x200
ProjectManager.KeepUserCode=true
ProjectManager.LastFirmware=true
ProjectManager.LibraryCopy=1
ProjectManager.MainLocation=Core/Src
ProjectManager.NoMain=false
ProjectManager.PreviousToolchain=
ProjectManager.ProjectBuild=false
ProjectManager.ProjectFileName=GEN11_MCMB_BabyNuke.ioc
ProjectManager.ProjectName=GEN11_MCMB_BabyNuke
ProjectManager.RegisterCallBack=
ProjectManager.StackSize=0x400
ProjectManager.TargetToolchain=STM32CubeIDE
ProjectManager.ToolChainLocation=
ProjectManager.UnderRoot=true
ProjectManager.functionlistsort=1-SystemClock_Config-RCC-false-HAL-false,2-MX_GPIO_Init-GPIO-false-HAL-true,3-MX_DMA_Init-DMA-false-HAL-true,4-MX_UART4_Init-UART4-false-HAL-true,5-MX_USART2_UART_Init-USART2-false-HAL-true,6-MX_ADC1_Init-ADC1-false-HAL-true,7-MX_SPI2_Init-SPI2-false-HAL-true,8-MX_SPI3_Init-SPI3-false-HAL-true,9-MX_CRC_Init-CRC-false-HAL-true,10-MX_TIM1_Init-TIM1-false-HAL-true,11-MX_TIM2_Init-TIM2-false-HAL-true,12-MX_TIM7_Init-TIM7-false-HAL-true,13-MX_TIM12_Init-TIM12-false-HAL-true,14-MX_UART5_Init-UART5-false-HAL-true,15-MX_TIM3_Init-TIM3-false-HAL-true,16-MX_TIM4_Init-TIM4-false-HAL-true
RCC.AHBFreq_Value=75000000
RCC.APB1CLKDivider=RCC_HCLK_DIV2
RCC.APB1Freq_Value=37500000
RCC.APB1TimFreq_Value=75000000
RCC.APB2Freq_Value=75000000
RCC.APB2TimFreq_Value=75000000
RCC.CECFreq_Value=32786.88524590164
RCC.CortexFreq_Value=75000000
RCC.FCLKCortexFreq_Value=75000000
RCC.FMPI2C1Freq_Value=37500000
RCC.FamilyName=M
RCC.HCLKFreq_Value=75000000
RCC.I2S1Freq_Value=96000000
RCC.I2S2Freq_Value=96000000
RCC.IPParameters=AHBFreq_Value,APB1CLKDivider,APB1Freq_Value,APB1TimFreq_Value,APB2Freq_Value,APB2TimFreq_Value,CECFreq_Value,CortexFreq_Value,FCLKCortexFreq_Value,FMPI2C1Freq_Value,FamilyName,HCLKFreq_Value,I2S1Freq_Value,I2S2Freq_Value,MCO2PinFreq_Value,PLLCLKFreq_Value,PLLI2SPCLKFreq_Value,PLLI2SQCLKFreq_Value,PLLI2SRCLKFreq_Value,PLLI2SoutputFreq_Value,PLLM,PLLN,PLLQCLKFreq_Value,PLLRCLKFreq_Value,PLLSAIPCLKFreq_Value,PLLSAIQCLKFreq_Value,PLLSAIoutputFreq_Value,PLLSourceVirtual,PWRFreq_Value,SAIAFreq_Value,SAIBFreq_Value,SDIOFreq_Value,SPDIFRXFreq_Value,SYSCLKFreq_VALUE,SYSCLKSource,USBFreq_Value,VCOI2SInputFreq_Value,VCOI2SOutputFreq_Value,VCOInputFreq_Value,VCOOutputFreq_Value,VCOSAIInputFreq_Value,VCOSAIOutputFreq_Value
RCC.MCO2PinFreq_Value=75000000
RCC.PLLCLKFreq_Value=75000000
RCC.PLLI2SPCLKFreq_Value=96000000
RCC.PLLI2SQCLKFreq_Value=96000000
RCC.PLLI2SRCLKFreq_Value=96000000
RCC.PLLI2SoutputFreq_Value=96000000
RCC.PLLM=8
RCC.PLLN=75
RCC.PLLQCLKFreq_Value=75000000
RCC.PLLRCLKFreq_Value=75000000
RCC.PLLSAIPCLKFreq_Value=96000000
RCC.PLLSAIQCLKFreq_Value=96000000
RCC.PLLSAIoutputFreq_Value=96000000
RCC.PLLSourceVirtual=RCC_PLLSOURCE_HSI
RCC.PWRFreq_Value=75000000
RCC.SAIAFreq_Value=96000000
RCC.SAIBFreq_Value=96000000
RCC.SDIOFreq_Value=75000000
RCC.SPDIFRXFreq_Value=75000000
RCC.SYSCLKFreq_VALUE=75000000
RCC.SYSCLKSource=RCC_SYSCLKSOURCE_PLLCLK
RCC.USBFreq_Value=75000000
RCC.VCOI2SInputFreq_Value=1000000
RCC.VCOI2SOutputFreq_Value=192000000
RCC.VCOInputFreq_Value=2000000
RCC.VCOOutputFreq_Value=150000000
RCC.VCOSAIInputFreq_Value=1000000
RCC.VCOSAIOutputFreq_Value=192000000
SH.ADCx_IN14.0=ADC1_IN14,IN14
SH.ADCx_IN14.ConfNb=1
SH.GPXTI0.0=GPIO_EXTI0
SH.GPXTI0.ConfNb=1
SH.GPXTI10.0=GPIO_EXTI10
SH.GPXTI10.ConfNb=1
SH.S_TIM2_CH1_ETR.0=TIM2_CH1,Input_Capture1_from_TI1
SH.S_TIM2_CH1_ETR.ConfNb=1
SH.S_TIM3_CH1.0=TIM3_CH1,Encoder_Interface
SH.S_TIM3_CH1.ConfNb=1
SH.S_TIM3_CH2.0=TIM3_CH2,Encoder_Interface
SH.S_TIM3_CH2.ConfNb=1
SH.S_TIM4_CH1.0=TIM4_CH1,Encoder_Interface
SH.S_TIM4_CH1.ConfNb=1
SH.S_TIM4_CH2.0=TIM4_CH2,Encoder_Interface
SH.S_TIM4_CH2.ConfNb=1
SPI2.BaudRatePrescaler=SPI_BAUDRATEPRESCALER_128
SPI2.CalculateBaudRate=292.968 KBits/s
SPI2.Direction=SPI_DIRECTION_2LINES
SPI2.IPParameters=VirtualType,Mode,Direction,CalculateBaudRate,BaudRatePrescaler
SPI2.Mode=SPI_MODE_MASTER
SPI2.VirtualType=VM_MASTER
SPI3.BaudRatePrescaler=SPI_BAUDRATEPRESCALER_128
SPI3.CalculateBaudRate=292.968 KBits/s
SPI3.Direction=SPI_DIRECTION_2LINES
SPI3.IPParameters=VirtualType,Mode,Direction,CalculateBaudRate,BaudRatePrescaler
SPI3.Mode=SPI_MODE_MASTER
SPI3.VirtualType=VM_MASTER
TIM2.AutoReloadPreload=TIM_AUTORELOAD_PRELOAD_ENABLE
TIM2.Channel-Input_Capture1_from_TI1=TIM_CHANNEL_1
TIM2.IPParameters=Prescaler,Period,AutoReloadPreload,Channel-Input_Capture1_from_TI1
TIM2.Period=0xffffffff
TIM2.Prescaler=75-1
TIM7.AutoReloadPreload=TIM_AUTORELOAD_PRELOAD_ENABLE
TIM7.IPParameters=Prescaler,Period,AutoReloadPreload
TIM7.Period=2000
TIM7.Prescaler=32499
UART4.BaudRate=500000
UART4.IPParameters=VirtualMode,BaudRate
UART4.VirtualMode=Asynchronous
UART5.BaudRate=230400
UART5.IPParameters=VirtualMode,BaudRate
UART5.VirtualMode=Asynchronous
USART2.IPParameters=VirtualMode
USART2.VirtualMode=VM_ASYNC
VP_CRC_VS_CRC.Mode=CRC_Activate
VP_CRC_VS_CRC.Signal=CRC_VS_CRC
VP_FREERTOS_VS_CMSIS_V1.Mode=CMSIS_V1
VP_FREERTOS_VS_CMSIS_V1.Signal=FREERTOS_VS_CMSIS_V1
VP_SYS_VS_tim6.Mode=TIM6
VP_SYS_VS_tim6.Signal=SYS_VS_tim6
VP_TIM12_VS_ClockSourceINT.Mode=Internal
VP_TIM12_VS_ClockSourceINT.Signal=TIM12_VS_ClockSourceINT
VP_TIM1_VS_ClockSourceINT.Mode=Internal
VP_TIM1_VS_ClockSourceINT.Signal=TIM1_VS_ClockSourceINT
VP_TIM2_VS_ClockSourceINT.Mode=Internal
VP_TIM2_VS_ClockSourceINT.Signal=TIM2_VS_ClockSourceINT
VP_TIM7_VS_ClockSourceINT.Mode=Enable_Timer
VP_TIM7_VS_ClockSourceINT.Signal=TIM7_VS_ClockSourceINT
board=custom
isbadioc=false
